
Microsoft Visual Studio Solution File, Format Version 12.00
Project("{FAE04EC0-301F-11D3-BF4B-00C04F79EFBC}") = "SafeBoda.Api", "SafeBoda.Api\SafeBoda.Api.csproj", "{21B77D97-247A-446C-AAC0-87A8048115BD}"
EndProject
Project("{FAE04EC0-301F-11D3-BF4B-00C04F79EFBC}") = "SafeBoda.Core", "SafeBoda.Core\SafeBoda.Core.csproj", "{29C9618E-5DF1-4512-92F7-E1806AD070AE}"
EndProject
Project("{FAE04EC0-301F-11D3-BF4B-00C04F79EFBC}") = "SafeBoda.Application", "SafeBoda.Application\SafeBoda.Application.csproj", "{586B15E8-17E6-457B-8899-4EDD208E26DE}"
EndProject
Project("{FAE04EC0-301F-11D3-BF4B-00C04F79EFBC}") = "SafeBoda.Infrastructure", "SafeBoda.Infrastructure\SafeBoda.Infrastructure.csproj", "{6870EED8-9D33-4E1F-8137-1CA14038BDDD}"
EndProject
Global
	GlobalSection(SolutionConfigurationPlatforms) = preSolution
		Debug|Any CPU = Debug|Any CPU
		Release|Any CPU = Release|Any CPU
	EndGlobalSection
	GlobalSection(ProjectConfigurationPlatforms) = postSolution
		{21B77D97-247A-446C-AAC0-87A8048115BD}.Debug|Any CPU.ActiveCfg = Debug|Any CPU
		{21B77D97-247A-446C-AAC0-87A8048115BD}.Debug|Any CPU.Build.0 = Debug|Any CPU
		{21B77D97-247A-446C-AAC0-87A8048115BD}.Release|Any CPU.ActiveCfg = Release|Any CPU
		{21B77D97-247A-446C-AAC0-87A8048115BD}.Release|Any CPU.Build.0 = Release|Any CPU
		{29C9618E-5DF1-4512-92F7-E1806AD070AE}.Debug|Any CPU.ActiveCfg = Debug|Any CPU
		{29C9618E-5DF1-4512-92F7-E1806AD070AE}.Debug|Any CPU.Build.0 = Debug|Any CPU
		{29C9618E-5DF1-4512-92F7-E1806AD070AE}.Release|Any CPU.ActiveCfg = Release|Any CPU
		{29C9618E-5DF1-4512-92F7-E1806AD070AE}.Release|Any CPU.Build.0 = Release|Any CPU
		{586B15E8-17E6-457B-8899-4EDD208E26DE}.Debug|Any CPU.ActiveCfg = Debug|Any CPU
		{586B15E8-17E6-457B-8899-4EDD208E26DE}.Debug|Any CPU.Build.0 = Debug|Any CPU
		{586B15E8-17E6-457B-8899-4EDD208E26DE}.Release|Any CPU.ActiveCfg = Release|Any CPU
		{586B15E8-17E6-457B-8899-4EDD208E26DE}.Release|Any CPU.Build.0 = Release|Any CPU
		{6870EED8-9D33-4E1F-8137-1CA14038BDDD}.Debug|Any CPU.ActiveCfg = Debug|Any CPU
		{6870EED8-9D33-4E1F-8137-1CA14038BDDD}.Debug|Any CPU.Build.0 = Debug|Any CPU
		{6870EED8-9D33-4E1F-8137-1CA14038BDDD}.Release|Any CPU.ActiveCfg = Release|Any CPU
		{6870EED8-9D33-4E1F-8137-1CA14038BDDD}.Release|Any CPU.Build.0 = Release|Any CPU
	EndGlobalSection
EndGlobal
